
Microsoft Visual Studio Solution File, Format Version 12.00
# Visual Studio 15
VisualStudioVersion = 15.0.28010.2036
MinimumVisualStudioVersion = 10.0.40219.1
Project("{9A19103F-16F7-4668-BE54-9A1E7A4F7556}") = "metrics", "metrics\metrics.csproj", "{5B466D45-EEA8-4F2A-A5FA-0693C8466B4F}"
EndProject
Project("{9A19103F-16F7-4668-BE54-9A1E7A4F7556}") = "DAL", "DAL\DAL.csproj", "{57D68A7E-3272-47DF-B813-8C348DCE12A5}"
EndProject
Project("{9A19103F-16F7-4668-BE54-9A1E7A4F7556}") = "Data", "Data\Data.csproj", "{0B78B7F2-76D2-4881-8AD1-802046FAB775}"
EndProject
Project("{9A19103F-16F7-4668-BE54-9A1E7A4F7556}") = "metrics.Services", "metrics.Services\metrics.Services.csproj", "{6625EB64-77B5-4FD7-8C78-4BCBB69FB394}"
EndProject
Project("{9A19103F-16F7-4668-BE54-9A1E7A4F7556}") = "DAL.Tests", "DAL.Tests\DAL.Tests.csproj", "{E5D7B9C2-E1D8-4EAD-B948-D4A12776455C}"
EndProject
Project("{FAE04EC0-301F-11D3-BF4B-00C04F79EFBC}") = "metrics.test", "metrics.test\metrics.test.csproj", "{AD743E15-FE32-4A36-8115-78B5E1690768}"
EndProject
Project("{FAE04EC0-301F-11D3-BF4B-00C04F79EFBC}") = "metrrics.services.tests", "metrrics.services.tests\metrrics.services.tests.csproj", "{0FB5D7BE-C534-4EFE-9FF2-11EC998166F8}"
EndProject
Global
	GlobalSection(SolutionConfigurationPlatforms) = preSolution
		Debug|Any CPU = Debug|Any CPU
		Release|Any CPU = Release|Any CPU
	EndGlobalSection
	GlobalSection(ProjectConfigurationPlatforms) = postSolution
		{5B466D45-EEA8-4F2A-A5FA-0693C8466B4F}.Debug|Any CPU.ActiveCfg = Debug|Any CPU
		{5B466D45-EEA8-4F2A-A5FA-0693C8466B4F}.Debug|Any CPU.Build.0 = Debug|Any CPU
		{5B466D45-EEA8-4F2A-A5FA-0693C8466B4F}.Release|Any CPU.ActiveCfg = Release|Any CPU
		{5B466D45-EEA8-4F2A-A5FA-0693C8466B4F}.Release|Any CPU.Build.0 = Release|Any CPU
		{57D68A7E-3272-47DF-B813-8C348DCE12A5}.Debug|Any CPU.ActiveCfg = Debug|Any CPU
		{57D68A7E-3272-47DF-B813-8C348DCE12A5}.Debug|Any CPU.Build.0 = Debug|Any CPU
		{57D68A7E-3272-47DF-B813-8C348DCE12A5}.Release|Any CPU.ActiveCfg = Release|Any CPU
		{57D68A7E-3272-47DF-B813-8C348DCE12A5}.Release|Any CPU.Build.0 = Release|Any CPU
		{0B78B7F2-76D2-4881-8AD1-802046FAB775}.Debug|Any CPU.ActiveCfg = Debug|Any CPU
		{0B78B7F2-76D2-4881-8AD1-802046FAB775}.Debug|Any CPU.Build.0 = Debug|Any CPU
		{0B78B7F2-76D2-4881-8AD1-802046FAB775}.Release|Any CPU.ActiveCfg = Release|Any CPU
		{0B78B7F2-76D2-4881-8AD1-802046FAB775}.Release|Any CPU.Build.0 = Release|Any CPU
		{6625EB64-77B5-4FD7-8C78-4BCBB69FB394}.Debug|Any CPU.ActiveCfg = Debug|Any CPU
		{6625EB64-77B5-4FD7-8C78-4BCBB69FB394}.Debug|Any CPU.Build.0 = Debug|Any CPU
		{6625EB64-77B5-4FD7-8C78-4BCBB69FB394}.Release|Any CPU.ActiveCfg = Release|Any CPU
		{6625EB64-77B5-4FD7-8C78-4BCBB69FB394}.Release|Any CPU.Build.0 = Release|Any CPU
		{E5D7B9C2-E1D8-4EAD-B948-D4A12776455C}.Debug|Any CPU.ActiveCfg = Debug|Any CPU
		{E5D7B9C2-E1D8-4EAD-B948-D4A12776455C}.Debug|Any CPU.Build.0 = Debug|Any CPU
		{E5D7B9C2-E1D8-4EAD-B948-D4A12776455C}.Release|Any CPU.ActiveCfg = Release|Any CPU
		{E5D7B9C2-E1D8-4EAD-B948-D4A12776455C}.Release|Any CPU.Build.0 = Release|Any CPU
		{AD743E15-FE32-4A36-8115-78B5E1690768}.Debug|Any CPU.ActiveCfg = Debug|Any CPU
		{AD743E15-FE32-4A36-8115-78B5E1690768}.Debug|Any CPU.Build.0 = Debug|Any CPU
		{AD743E15-FE32-4A36-8115-78B5E1690768}.Release|Any CPU.ActiveCfg = Release|Any CPU
		{AD743E15-FE32-4A36-8115-78B5E1690768}.Release|Any CPU.Build.0 = Release|Any CPU
		{0FB5D7BE-C534-4EFE-9FF2-11EC998166F8}.Debug|Any CPU.ActiveCfg = Debug|Any CPU
		{0FB5D7BE-C534-4EFE-9FF2-11EC998166F8}.Debug|Any CPU.Build.0 = Debug|Any CPU
		{0FB5D7BE-C534-4EFE-9FF2-11EC998166F8}.Release|Any CPU.ActiveCfg = Release|Any CPU
		{0FB5D7BE-C534-4EFE-9FF2-11EC998166F8}.Release|Any CPU.Build.0 = Release|Any CPU
	EndGlobalSection
	GlobalSection(SolutionProperties) = preSolution
		HideSolutionNode = FALSE
	EndGlobalSection
	GlobalSection(ExtensibilityGlobals) = postSolution
		SolutionGuid = {1B9B1AA4-B7E9-4A7C-B1D5-7F683FA9B1D0}
	EndGlobalSection
EndGlobal
