
Microsoft Visual Studio Solution File, Format Version 12.00
# Visual Studio Version 16
VisualStudioVersion = 16.0.30011.22
MinimumVisualStudioVersion = 10.0.40219.1
Project("{9A19103F-16F7-4668-BE54-9A1E7A4F7556}") = "metrics", "metrics\metrics.csproj", "{5B466D45-EEA8-4F2A-A5FA-0693C8466B4F}"
EndProject
Project("{9A19103F-16F7-4668-BE54-9A1E7A4F7556}") = "metrics.Services", "metrics.Services\metrics.Services.csproj", "{6625EB64-77B5-4FD7-8C78-4BCBB69FB394}"
EndProject
Project("{9A19103F-16F7-4668-BE54-9A1E7A4F7556}") = "metrics.Competitions.Hosted", "metrics.Competitions.Hosted\metrics.Competitions.Hosted.csproj", "{95973F9C-2E3A-495F-8B0E-8FE4C4C8C1E7}"
EndProject
Project("{9A19103F-16F7-4668-BE54-9A1E7A4F7556}") = "Elastic.Client", "Elastic.Client\Elastic.Client.csproj", "{B842060E-EB09-475F-B410-C205C9BA63E1}"
EndProject
Project("{9A19103F-16F7-4668-BE54-9A1E7A4F7556}") = "Base.Contracts", "Base.Contracts\Base.Contracts.csproj", "{1BAD446C-794D-4A4E-BF70-465C09CFE5B0}"
EndProject
Project("{9A19103F-16F7-4668-BE54-9A1E7A4F7556}") = "metrics.Services.Abstractions", "metrics.Services.Abstractions\metrics.Services.Abstractions.csproj", "{D4DEF438-6331-4B59-AD24-D19989FD164B}"
EndProject
Project("{9A19103F-16F7-4668-BE54-9A1E7A4F7556}") = "metrics.Services.Utils", "metrics.Services.Utils\metrics.Services.Utils.csproj", "{4686CCD8-D5C5-40CE-8D86-2A276F1DE7A2}"
EndProject
Project("{9A19103F-16F7-4668-BE54-9A1E7A4F7556}") = "metrics.logging", "metrics.logging\metrics.logging.csproj", "{ED161055-86F3-496F-A3A4-F7945144C5AC}"
EndProject
Project("{9A19103F-16F7-4668-BE54-9A1E7A4F7556}") = "metrics.Broker", "metrics.Broker\metrics.Broker.csproj", "{E16F5D5E-4C27-41FD-ACDB-7CF3900FB980}"
EndProject
Project("{9A19103F-16F7-4668-BE54-9A1E7A4F7556}") = "metrics.Data.Abstractions", "metrics.Data.Abstractions\metrics.Data.Abstractions.csproj", "{BC451379-6C7C-4449-B717-FC8195727B40}"
EndProject
Project("{9A19103F-16F7-4668-BE54-9A1E7A4F7556}") = "metrics.Data.Sql", "metrics.Data.Sql\metrics.Data.Sql.csproj", "{9945736E-3F00-48F7-8645-7582E35FDF27}"
EndProject
Project("{9A19103F-16F7-4668-BE54-9A1E7A4F7556}") = "metrics.Data.Common", "metrics.Data.Common\metrics.Data.Common.csproj", "{EB8EC417-E7E9-4C00-A675-4D4F6F4EF23C}"
EndProject
Project("{9A19103F-16F7-4668-BE54-9A1E7A4F7556}") = "metrics.Broker.Abstractions", "metrics.Broker.Abstractions\metrics.Broker.Abstractions.csproj", "{364D7D75-1AA6-47DC-9781-9485FF0889CF}"
EndProject
Project("{9A19103F-16F7-4668-BE54-9A1E7A4F7556}") = "metrics.Cache.Abstractions", "metrics.Cache.Abstractions\metrics.Cache.Abstractions.csproj", "{E5B34812-E498-48DC-9D7E-259C1AAC6FEC}"
EndProject
Project("{9A19103F-16F7-4668-BE54-9A1E7A4F7556}") = "metrics.Cache", "metrics.Cache\metrics.Cache.csproj", "{5C9AC51C-668E-4EFE-97D0-F20F6AE72AF0}"
EndProject
Project("{9A19103F-16F7-4668-BE54-9A1E7A4F7556}") = "metrics.Broker.Events", "metrics.Broker.Events\metrics.Broker.Events.csproj", "{FA2490B0-91F8-49D6-8802-432656D78C94}"
EndProject
Project("{9A19103F-16F7-4668-BE54-9A1E7A4F7556}") = "metrics.Broker.Console", "metrics.Broker.Console\metrics.Broker.Console.csproj", "{C70246F0-9B3D-4C54-A071-0091824CCE0F}"
EndProject
Project("{2150E333-8FDC-42A3-9474-1A3956D46DE8}") = "Cache", "Cache", "{7D56D237-4F93-4B69-865F-F006DB319044}"
EndProject
Project("{2150E333-8FDC-42A3-9474-1A3956D46DE8}") = "Elastic", "Elastic", "{DF9F6B9B-F666-456D-A89E-CB2BB8014F44}"
EndProject
Project("{2150E333-8FDC-42A3-9474-1A3956D46DE8}") = "Broker", "Broker", "{51038CB5-7130-4AF4-B23A-91BF02FEF180}"
EndProject
Project("{2150E333-8FDC-42A3-9474-1A3956D46DE8}") = "Competition", "Competition", "{F38705D3-C1A8-4D91-AAA6-251618BBBB83}"
EndProject
Project("{2150E333-8FDC-42A3-9474-1A3956D46DE8}") = "Sql", "Sql", "{F0090F2D-79B1-4853-A078-01EB73CCA642}"
EndProject
Project("{9A19103F-16F7-4668-BE54-9A1E7A4F7556}") = "metrics.Notification.SignalR", "metrics.Notification.SignalR\metrics.Notification.SignalR.csproj", "{FDD3FDF3-7BB1-4857-B8C6-CF064F8AC579}"
EndProject
Project("{2150E333-8FDC-42A3-9474-1A3956D46DE8}") = "ML", "ML", "{6B17F056-053B-424F-9786-E493B25CC3D5}"
EndProject
Project("{FAE04EC0-301F-11D3-BF4B-00C04F79EFBC}") = "metrics.ML", "metrics.ML\metrics.ML.csproj", "{95649E47-002C-4B95-83C3-72FB57BAF264}"
EndProject
Project("{FAE04EC0-301F-11D3-BF4B-00C04F79EFBC}") = "metrics.ML.Services", "metrics.ML.Services\metrics.ML.Services.csproj", "{55D44D75-11E8-4031-8267-FF031562865C}"
EndProject
Project("{FAE04EC0-301F-11D3-BF4B-00C04F79EFBC}") = "metrics.ML.Contracts", "metrics.ML.Contracts\metrics.ML.Contracts.csproj", "{37A6F3CF-4C8E-4A51-AE47-D1C88BAD41C0}"
EndProject
Project("{2150E333-8FDC-42A3-9474-1A3956D46DE8}") = "Auth", "Auth", "{7794ED87-05F4-4E59-BB5C-CB8F5D14CC9D}"
EndProject
Project("{FAE04EC0-301F-11D3-BF4B-00C04F79EFBC}") = "metrics.Identity", "metrics.Identity\metrics.Identity.csproj", "{3F07DF5B-2B0C-4B19-AC74-B12A7616BD17}"
EndProject
Project("{FAE04EC0-301F-11D3-BF4B-00C04F79EFBC}") = "metrics.Gateway", "metrics.Gateway\metrics.Gateway.csproj", "{467CC534-B661-475F-9C93-32434CD33DAE}"
EndProject
Project("{FAE04EC0-301F-11D3-BF4B-00C04F79EFBC}") = "metrics.Identity.Data", "metrics.Identity.Data\metrics.Identity.Data.csproj", "{49DF5FD6-BB90-4D2D-A238-707F70F18B7D}"
EndProject
Project("{FAE04EC0-301F-11D3-BF4B-00C04F79EFBC}") = "metrics.Web", "metrics.Web\metrics.Web.csproj", "{4E74FD3D-A61F-4CB9-BE9B-54414BD6E0C9}"
EndProject
Project("{FAE04EC0-301F-11D3-BF4B-00C04F79EFBC}") = "metrics.Authentication", "metrics.Authentication\metrics.Authentication.csproj", "{9738495B-B26A-470D-BCB3-600151472450}"
EndProject
Project("{FAE04EC0-301F-11D3-BF4B-00C04F79EFBC}") = "metrics.Identity.Client.Abstractions", "metrics.Identity.Client.Abstractions\metrics.Identity.Client.Abstractions.csproj", "{9485991B-BE51-43A7-83E6-06332CA0B8A3}"
EndProject
Project("{FAE04EC0-301F-11D3-BF4B-00C04F79EFBC}") = "metrics.Identity.Client", "metrics.Identity.Client\metrics.Identity.Client.csproj", "{CD1F02F4-DB94-4798-8D3D-939F21FCA98D}"
EndProject
Project("{2150E333-8FDC-42A3-9474-1A3956D46DE8}") = "BackgroundJob", "BackgroundJob", "{07F1821F-934B-4DAC-AE3D-9290F738B10C}"
EndProject
Project("{FAE04EC0-301F-11D3-BF4B-00C04F79EFBC}") = "metrics.BackgroundJobs.Abstractions", "metrics.BackgroundJobs.Abstractions\metrics.BackgroundJobs.Abstractions.csproj", "{38BD76D4-3DD0-41A5-B4CE-AD4317E9CE53}"
EndProject
Project("{FAE04EC0-301F-11D3-BF4B-00C04F79EFBC}") = "metrics.BackgroundJobs", "metrics.BackgroundJobs\metrics.BackgroundJobs.csproj", "{C8392238-7D36-496F-93C8-93CFC7F5F762}"
EndProject
Project("{FAE04EC0-301F-11D3-BF4B-00C04F79EFBC}") = "metrics.Competitions.Abstractions", "metrics.Competitions.Abstractions\metrics.Competitions.Abstractions.csproj", "{DB33EDC6-A890-47A3-A232-6449C01E3318}"
EndProject
Project("{2150E333-8FDC-42A3-9474-1A3956D46DE8}") = "Logging", "Logging", "{B6DA301C-BBFB-48EF-A293-F0A960988DAF}"
EndProject
Project("{2150E333-8FDC-42A3-9474-1A3956D46DE8}") = "Services", "Services", "{ABF7D990-9694-4FD4-8A33-F738E6D81FE0}"
EndProject
Project("{FAE04EC0-301F-11D3-BF4B-00C04F79EFBC}") = "metrics.Data.Sql.Tests", "metrics.Data.Sql.Tests\metrics.Data.Sql.Tests.csproj", "{E07F7DB4-9364-43A3-89A0-75FFCE70DC72}"
EndProject
Project("{FAE04EC0-301F-11D3-BF4B-00C04F79EFBC}") = "Elastic.Console", "Elastic\Elastic.Console\Elastic.Console.csproj", "{092803D8-41CC-4ECB-95DB-449443A9EDF0}"
EndProject
Project("{FAE04EC0-301F-11D3-BF4B-00C04F79EFBC}") = "metrics.Serialization", "metrics.Serialization\metrics.Serialization.csproj", "{0A1D5735-5F4A-4615-9652-F0DA679E2BE7}"
EndProject
Project("{FAE04EC0-301F-11D3-BF4B-00C04F79EFBC}") = "metrics.Serialization.Abstractions", "metrics.Serialization.Abstractions\metrics.Serialization.Abstractions.csproj", "{F788C4DE-6FF4-448B-86EB-6ECFA8FA3C2D}"
EndProject
Project("{2150E333-8FDC-42A3-9474-1A3956D46DE8}") = "Serialization", "Serialization", "{C39CCC40-1F60-4DB5-9CD1-24CCE9ED0468}"
EndProject
Project("{FAE04EC0-301F-11D3-BF4B-00C04F79EFBC}") = "metrics.Serialization.Tests", "metrics.Serialization.Tests\metrics.Serialization.Tests.csproj", "{CE50B277-2EAB-4E1B-ADED-24A57232ADEF}"
EndProject
Project("{FAE04EC0-301F-11D3-BF4B-00C04F79EFBC}") = "metrics.Serialization.Benchmarks", "metrics.Serialization.Benchmarks\metrics.Serialization.Benchmarks.csproj", "{EDEB9B95-82F1-4568-B97E-F796CF018EF2}"
EndProject
Project("{2150E333-8FDC-42A3-9474-1A3956D46DE8}") = "EventSourcing", "EventSourcing", "{50531886-A9A8-4DE5-9194-4CE4456491CD}"
EndProject
Project("{FAE04EC0-301F-11D3-BF4B-00C04F79EFBC}") = "metrics.EventSourcing.Abstractions", "metrics.EventSourcing.Abstractions\metrics.EventSourcing.Abstractions.csproj", "{0E0EAEE6-99EE-4572-AD60-6EA73B778FCB}"
EndProject
Project("{FAE04EC0-301F-11D3-BF4B-00C04F79EFBC}") = "metrics.EventSourcing", "metrics.EventSourcing\metrics.EventSourcing.csproj", "{9DE4F5B5-D680-49E4-B960-876666A7544F}"
EndProject
Project("{FAE04EC0-301F-11D3-BF4B-00C04F79EFBC}") = "metrics.EventSourcing.Tests", "metrics.EventSourcing.Tests\metrics.EventSourcing.Tests.csproj", "{56D6BAE5-4EAB-45EE-882B-A8A0EF7A9545}"
EndProject
Global
	GlobalSection(SolutionConfigurationPlatforms) = preSolution
		Debug|Any CPU = Debug|Any CPU
		Release|Any CPU = Release|Any CPU
	EndGlobalSection
	GlobalSection(ProjectConfigurationPlatforms) = postSolution
		{5B466D45-EEA8-4F2A-A5FA-0693C8466B4F}.Debug|Any CPU.ActiveCfg = Debug|Any CPU
		{5B466D45-EEA8-4F2A-A5FA-0693C8466B4F}.Debug|Any CPU.Build.0 = Debug|Any CPU
		{5B466D45-EEA8-4F2A-A5FA-0693C8466B4F}.Release|Any CPU.ActiveCfg = Release|Any CPU
		{5B466D45-EEA8-4F2A-A5FA-0693C8466B4F}.Release|Any CPU.Build.0 = Release|Any CPU
		{6625EB64-77B5-4FD7-8C78-4BCBB69FB394}.Debug|Any CPU.ActiveCfg = Debug|Any CPU
		{6625EB64-77B5-4FD7-8C78-4BCBB69FB394}.Debug|Any CPU.Build.0 = Debug|Any CPU
		{6625EB64-77B5-4FD7-8C78-4BCBB69FB394}.Release|Any CPU.ActiveCfg = Release|Any CPU
		{6625EB64-77B5-4FD7-8C78-4BCBB69FB394}.Release|Any CPU.Build.0 = Release|Any CPU
		{95973F9C-2E3A-495F-8B0E-8FE4C4C8C1E7}.Debug|Any CPU.ActiveCfg = Debug|Any CPU
		{95973F9C-2E3A-495F-8B0E-8FE4C4C8C1E7}.Debug|Any CPU.Build.0 = Debug|Any CPU
		{95973F9C-2E3A-495F-8B0E-8FE4C4C8C1E7}.Release|Any CPU.ActiveCfg = Release|Any CPU
		{95973F9C-2E3A-495F-8B0E-8FE4C4C8C1E7}.Release|Any CPU.Build.0 = Release|Any CPU
		{B842060E-EB09-475F-B410-C205C9BA63E1}.Debug|Any CPU.ActiveCfg = Debug|Any CPU
		{B842060E-EB09-475F-B410-C205C9BA63E1}.Debug|Any CPU.Build.0 = Debug|Any CPU
		{B842060E-EB09-475F-B410-C205C9BA63E1}.Release|Any CPU.ActiveCfg = Release|Any CPU
		{B842060E-EB09-475F-B410-C205C9BA63E1}.Release|Any CPU.Build.0 = Release|Any CPU
		{1BAD446C-794D-4A4E-BF70-465C09CFE5B0}.Debug|Any CPU.ActiveCfg = Debug|Any CPU
		{1BAD446C-794D-4A4E-BF70-465C09CFE5B0}.Debug|Any CPU.Build.0 = Debug|Any CPU
		{1BAD446C-794D-4A4E-BF70-465C09CFE5B0}.Release|Any CPU.ActiveCfg = Release|Any CPU
		{1BAD446C-794D-4A4E-BF70-465C09CFE5B0}.Release|Any CPU.Build.0 = Release|Any CPU
		{D4DEF438-6331-4B59-AD24-D19989FD164B}.Debug|Any CPU.ActiveCfg = Debug|Any CPU
		{D4DEF438-6331-4B59-AD24-D19989FD164B}.Debug|Any CPU.Build.0 = Debug|Any CPU
		{D4DEF438-6331-4B59-AD24-D19989FD164B}.Release|Any CPU.ActiveCfg = Release|Any CPU
		{D4DEF438-6331-4B59-AD24-D19989FD164B}.Release|Any CPU.Build.0 = Release|Any CPU
		{4686CCD8-D5C5-40CE-8D86-2A276F1DE7A2}.Debug|Any CPU.ActiveCfg = Debug|Any CPU
		{4686CCD8-D5C5-40CE-8D86-2A276F1DE7A2}.Debug|Any CPU.Build.0 = Debug|Any CPU
		{4686CCD8-D5C5-40CE-8D86-2A276F1DE7A2}.Release|Any CPU.ActiveCfg = Release|Any CPU
		{4686CCD8-D5C5-40CE-8D86-2A276F1DE7A2}.Release|Any CPU.Build.0 = Release|Any CPU
		{ED161055-86F3-496F-A3A4-F7945144C5AC}.Debug|Any CPU.ActiveCfg = Debug|Any CPU
		{ED161055-86F3-496F-A3A4-F7945144C5AC}.Debug|Any CPU.Build.0 = Debug|Any CPU
		{ED161055-86F3-496F-A3A4-F7945144C5AC}.Release|Any CPU.ActiveCfg = Release|Any CPU
		{ED161055-86F3-496F-A3A4-F7945144C5AC}.Release|Any CPU.Build.0 = Release|Any CPU
		{E16F5D5E-4C27-41FD-ACDB-7CF3900FB980}.Debug|Any CPU.ActiveCfg = Debug|Any CPU
		{E16F5D5E-4C27-41FD-ACDB-7CF3900FB980}.Debug|Any CPU.Build.0 = Debug|Any CPU
		{E16F5D5E-4C27-41FD-ACDB-7CF3900FB980}.Release|Any CPU.ActiveCfg = Release|Any CPU
		{E16F5D5E-4C27-41FD-ACDB-7CF3900FB980}.Release|Any CPU.Build.0 = Release|Any CPU
		{BC451379-6C7C-4449-B717-FC8195727B40}.Debug|Any CPU.ActiveCfg = Debug|Any CPU
		{BC451379-6C7C-4449-B717-FC8195727B40}.Debug|Any CPU.Build.0 = Debug|Any CPU
		{BC451379-6C7C-4449-B717-FC8195727B40}.Release|Any CPU.ActiveCfg = Release|Any CPU
		{BC451379-6C7C-4449-B717-FC8195727B40}.Release|Any CPU.Build.0 = Release|Any CPU
		{9945736E-3F00-48F7-8645-7582E35FDF27}.Debug|Any CPU.ActiveCfg = Debug|Any CPU
		{9945736E-3F00-48F7-8645-7582E35FDF27}.Debug|Any CPU.Build.0 = Debug|Any CPU
		{9945736E-3F00-48F7-8645-7582E35FDF27}.Release|Any CPU.ActiveCfg = Release|Any CPU
		{9945736E-3F00-48F7-8645-7582E35FDF27}.Release|Any CPU.Build.0 = Release|Any CPU
		{EB8EC417-E7E9-4C00-A675-4D4F6F4EF23C}.Debug|Any CPU.ActiveCfg = Debug|Any CPU
		{EB8EC417-E7E9-4C00-A675-4D4F6F4EF23C}.Debug|Any CPU.Build.0 = Debug|Any CPU
		{EB8EC417-E7E9-4C00-A675-4D4F6F4EF23C}.Release|Any CPU.ActiveCfg = Release|Any CPU
		{EB8EC417-E7E9-4C00-A675-4D4F6F4EF23C}.Release|Any CPU.Build.0 = Release|Any CPU
		{364D7D75-1AA6-47DC-9781-9485FF0889CF}.Debug|Any CPU.ActiveCfg = Debug|Any CPU
		{364D7D75-1AA6-47DC-9781-9485FF0889CF}.Debug|Any CPU.Build.0 = Debug|Any CPU
		{364D7D75-1AA6-47DC-9781-9485FF0889CF}.Release|Any CPU.ActiveCfg = Release|Any CPU
		{364D7D75-1AA6-47DC-9781-9485FF0889CF}.Release|Any CPU.Build.0 = Release|Any CPU
		{E5B34812-E498-48DC-9D7E-259C1AAC6FEC}.Debug|Any CPU.ActiveCfg = Debug|Any CPU
		{E5B34812-E498-48DC-9D7E-259C1AAC6FEC}.Debug|Any CPU.Build.0 = Debug|Any CPU
		{E5B34812-E498-48DC-9D7E-259C1AAC6FEC}.Release|Any CPU.ActiveCfg = Release|Any CPU
		{E5B34812-E498-48DC-9D7E-259C1AAC6FEC}.Release|Any CPU.Build.0 = Release|Any CPU
		{5C9AC51C-668E-4EFE-97D0-F20F6AE72AF0}.Debug|Any CPU.ActiveCfg = Debug|Any CPU
		{5C9AC51C-668E-4EFE-97D0-F20F6AE72AF0}.Debug|Any CPU.Build.0 = Debug|Any CPU
		{5C9AC51C-668E-4EFE-97D0-F20F6AE72AF0}.Release|Any CPU.ActiveCfg = Release|Any CPU
		{5C9AC51C-668E-4EFE-97D0-F20F6AE72AF0}.Release|Any CPU.Build.0 = Release|Any CPU
		{FA2490B0-91F8-49D6-8802-432656D78C94}.Debug|Any CPU.ActiveCfg = Debug|Any CPU
		{FA2490B0-91F8-49D6-8802-432656D78C94}.Debug|Any CPU.Build.0 = Debug|Any CPU
		{FA2490B0-91F8-49D6-8802-432656D78C94}.Release|Any CPU.ActiveCfg = Release|Any CPU
		{FA2490B0-91F8-49D6-8802-432656D78C94}.Release|Any CPU.Build.0 = Release|Any CPU
		{C70246F0-9B3D-4C54-A071-0091824CCE0F}.Debug|Any CPU.ActiveCfg = Debug|Any CPU
		{C70246F0-9B3D-4C54-A071-0091824CCE0F}.Debug|Any CPU.Build.0 = Debug|Any CPU
		{C70246F0-9B3D-4C54-A071-0091824CCE0F}.Release|Any CPU.ActiveCfg = Release|Any CPU
		{C70246F0-9B3D-4C54-A071-0091824CCE0F}.Release|Any CPU.Build.0 = Release|Any CPU
		{FDD3FDF3-7BB1-4857-B8C6-CF064F8AC579}.Debug|Any CPU.ActiveCfg = Debug|Any CPU
		{FDD3FDF3-7BB1-4857-B8C6-CF064F8AC579}.Debug|Any CPU.Build.0 = Debug|Any CPU
		{FDD3FDF3-7BB1-4857-B8C6-CF064F8AC579}.Release|Any CPU.ActiveCfg = Release|Any CPU
		{FDD3FDF3-7BB1-4857-B8C6-CF064F8AC579}.Release|Any CPU.Build.0 = Release|Any CPU
		{95649E47-002C-4B95-83C3-72FB57BAF264}.Debug|Any CPU.ActiveCfg = Debug|Any CPU
		{95649E47-002C-4B95-83C3-72FB57BAF264}.Debug|Any CPU.Build.0 = Debug|Any CPU
		{95649E47-002C-4B95-83C3-72FB57BAF264}.Release|Any CPU.ActiveCfg = Release|Any CPU
		{95649E47-002C-4B95-83C3-72FB57BAF264}.Release|Any CPU.Build.0 = Release|Any CPU
		{55D44D75-11E8-4031-8267-FF031562865C}.Debug|Any CPU.ActiveCfg = Debug|Any CPU
		{55D44D75-11E8-4031-8267-FF031562865C}.Debug|Any CPU.Build.0 = Debug|Any CPU
		{55D44D75-11E8-4031-8267-FF031562865C}.Release|Any CPU.ActiveCfg = Release|Any CPU
		{55D44D75-11E8-4031-8267-FF031562865C}.Release|Any CPU.Build.0 = Release|Any CPU
		{37A6F3CF-4C8E-4A51-AE47-D1C88BAD41C0}.Debug|Any CPU.ActiveCfg = Debug|Any CPU
		{37A6F3CF-4C8E-4A51-AE47-D1C88BAD41C0}.Debug|Any CPU.Build.0 = Debug|Any CPU
		{37A6F3CF-4C8E-4A51-AE47-D1C88BAD41C0}.Release|Any CPU.ActiveCfg = Release|Any CPU
		{37A6F3CF-4C8E-4A51-AE47-D1C88BAD41C0}.Release|Any CPU.Build.0 = Release|Any CPU
		{3F07DF5B-2B0C-4B19-AC74-B12A7616BD17}.Debug|Any CPU.ActiveCfg = Debug|Any CPU
		{3F07DF5B-2B0C-4B19-AC74-B12A7616BD17}.Debug|Any CPU.Build.0 = Debug|Any CPU
		{3F07DF5B-2B0C-4B19-AC74-B12A7616BD17}.Release|Any CPU.ActiveCfg = Release|Any CPU
		{3F07DF5B-2B0C-4B19-AC74-B12A7616BD17}.Release|Any CPU.Build.0 = Release|Any CPU
		{467CC534-B661-475F-9C93-32434CD33DAE}.Debug|Any CPU.ActiveCfg = Debug|Any CPU
		{467CC534-B661-475F-9C93-32434CD33DAE}.Debug|Any CPU.Build.0 = Debug|Any CPU
		{467CC534-B661-475F-9C93-32434CD33DAE}.Release|Any CPU.ActiveCfg = Release|Any CPU
		{467CC534-B661-475F-9C93-32434CD33DAE}.Release|Any CPU.Build.0 = Release|Any CPU
		{49DF5FD6-BB90-4D2D-A238-707F70F18B7D}.Debug|Any CPU.ActiveCfg = Debug|Any CPU
		{49DF5FD6-BB90-4D2D-A238-707F70F18B7D}.Debug|Any CPU.Build.0 = Debug|Any CPU
		{49DF5FD6-BB90-4D2D-A238-707F70F18B7D}.Release|Any CPU.ActiveCfg = Release|Any CPU
		{49DF5FD6-BB90-4D2D-A238-707F70F18B7D}.Release|Any CPU.Build.0 = Release|Any CPU
		{4E74FD3D-A61F-4CB9-BE9B-54414BD6E0C9}.Debug|Any CPU.ActiveCfg = Debug|Any CPU
		{4E74FD3D-A61F-4CB9-BE9B-54414BD6E0C9}.Debug|Any CPU.Build.0 = Debug|Any CPU
		{4E74FD3D-A61F-4CB9-BE9B-54414BD6E0C9}.Release|Any CPU.ActiveCfg = Release|Any CPU
		{4E74FD3D-A61F-4CB9-BE9B-54414BD6E0C9}.Release|Any CPU.Build.0 = Release|Any CPU
		{9738495B-B26A-470D-BCB3-600151472450}.Debug|Any CPU.ActiveCfg = Debug|Any CPU
		{9738495B-B26A-470D-BCB3-600151472450}.Debug|Any CPU.Build.0 = Debug|Any CPU
		{9738495B-B26A-470D-BCB3-600151472450}.Release|Any CPU.ActiveCfg = Release|Any CPU
		{9738495B-B26A-470D-BCB3-600151472450}.Release|Any CPU.Build.0 = Release|Any CPU
		{9485991B-BE51-43A7-83E6-06332CA0B8A3}.Debug|Any CPU.ActiveCfg = Debug|Any CPU
		{9485991B-BE51-43A7-83E6-06332CA0B8A3}.Debug|Any CPU.Build.0 = Debug|Any CPU
		{9485991B-BE51-43A7-83E6-06332CA0B8A3}.Release|Any CPU.ActiveCfg = Release|Any CPU
		{9485991B-BE51-43A7-83E6-06332CA0B8A3}.Release|Any CPU.Build.0 = Release|Any CPU
		{CD1F02F4-DB94-4798-8D3D-939F21FCA98D}.Debug|Any CPU.ActiveCfg = Debug|Any CPU
		{CD1F02F4-DB94-4798-8D3D-939F21FCA98D}.Debug|Any CPU.Build.0 = Debug|Any CPU
		{CD1F02F4-DB94-4798-8D3D-939F21FCA98D}.Release|Any CPU.ActiveCfg = Release|Any CPU
		{CD1F02F4-DB94-4798-8D3D-939F21FCA98D}.Release|Any CPU.Build.0 = Release|Any CPU
		{38BD76D4-3DD0-41A5-B4CE-AD4317E9CE53}.Debug|Any CPU.ActiveCfg = Debug|Any CPU
		{38BD76D4-3DD0-41A5-B4CE-AD4317E9CE53}.Debug|Any CPU.Build.0 = Debug|Any CPU
		{38BD76D4-3DD0-41A5-B4CE-AD4317E9CE53}.Release|Any CPU.ActiveCfg = Release|Any CPU
		{38BD76D4-3DD0-41A5-B4CE-AD4317E9CE53}.Release|Any CPU.Build.0 = Release|Any CPU
		{C8392238-7D36-496F-93C8-93CFC7F5F762}.Debug|Any CPU.ActiveCfg = Debug|Any CPU
		{C8392238-7D36-496F-93C8-93CFC7F5F762}.Debug|Any CPU.Build.0 = Debug|Any CPU
		{C8392238-7D36-496F-93C8-93CFC7F5F762}.Release|Any CPU.ActiveCfg = Release|Any CPU
		{C8392238-7D36-496F-93C8-93CFC7F5F762}.Release|Any CPU.Build.0 = Release|Any CPU
		{DB33EDC6-A890-47A3-A232-6449C01E3318}.Debug|Any CPU.ActiveCfg = Debug|Any CPU
		{DB33EDC6-A890-47A3-A232-6449C01E3318}.Debug|Any CPU.Build.0 = Debug|Any CPU
		{DB33EDC6-A890-47A3-A232-6449C01E3318}.Release|Any CPU.ActiveCfg = Release|Any CPU
		{DB33EDC6-A890-47A3-A232-6449C01E3318}.Release|Any CPU.Build.0 = Release|Any CPU
		{E07F7DB4-9364-43A3-89A0-75FFCE70DC72}.Debug|Any CPU.ActiveCfg = Debug|Any CPU
		{E07F7DB4-9364-43A3-89A0-75FFCE70DC72}.Debug|Any CPU.Build.0 = Debug|Any CPU
		{E07F7DB4-9364-43A3-89A0-75FFCE70DC72}.Release|Any CPU.ActiveCfg = Release|Any CPU
		{E07F7DB4-9364-43A3-89A0-75FFCE70DC72}.Release|Any CPU.Build.0 = Release|Any CPU
		{092803D8-41CC-4ECB-95DB-449443A9EDF0}.Debug|Any CPU.ActiveCfg = Debug|Any CPU
		{092803D8-41CC-4ECB-95DB-449443A9EDF0}.Debug|Any CPU.Build.0 = Debug|Any CPU
		{092803D8-41CC-4ECB-95DB-449443A9EDF0}.Release|Any CPU.ActiveCfg = Release|Any CPU
		{092803D8-41CC-4ECB-95DB-449443A9EDF0}.Release|Any CPU.Build.0 = Release|Any CPU
		{0A1D5735-5F4A-4615-9652-F0DA679E2BE7}.Debug|Any CPU.ActiveCfg = Debug|Any CPU
		{0A1D5735-5F4A-4615-9652-F0DA679E2BE7}.Debug|Any CPU.Build.0 = Debug|Any CPU
		{0A1D5735-5F4A-4615-9652-F0DA679E2BE7}.Release|Any CPU.ActiveCfg = Release|Any CPU
		{0A1D5735-5F4A-4615-9652-F0DA679E2BE7}.Release|Any CPU.Build.0 = Release|Any CPU
		{F788C4DE-6FF4-448B-86EB-6ECFA8FA3C2D}.Debug|Any CPU.ActiveCfg = Debug|Any CPU
		{F788C4DE-6FF4-448B-86EB-6ECFA8FA3C2D}.Debug|Any CPU.Build.0 = Debug|Any CPU
		{F788C4DE-6FF4-448B-86EB-6ECFA8FA3C2D}.Release|Any CPU.ActiveCfg = Release|Any CPU
		{F788C4DE-6FF4-448B-86EB-6ECFA8FA3C2D}.Release|Any CPU.Build.0 = Release|Any CPU
		{CE50B277-2EAB-4E1B-ADED-24A57232ADEF}.Debug|Any CPU.ActiveCfg = Debug|Any CPU
		{CE50B277-2EAB-4E1B-ADED-24A57232ADEF}.Debug|Any CPU.Build.0 = Debug|Any CPU
		{CE50B277-2EAB-4E1B-ADED-24A57232ADEF}.Release|Any CPU.ActiveCfg = Release|Any CPU
		{CE50B277-2EAB-4E1B-ADED-24A57232ADEF}.Release|Any CPU.Build.0 = Release|Any CPU
		{EDEB9B95-82F1-4568-B97E-F796CF018EF2}.Debug|Any CPU.ActiveCfg = Debug|Any CPU
		{EDEB9B95-82F1-4568-B97E-F796CF018EF2}.Debug|Any CPU.Build.0 = Debug|Any CPU
		{EDEB9B95-82F1-4568-B97E-F796CF018EF2}.Release|Any CPU.ActiveCfg = Release|Any CPU
		{EDEB9B95-82F1-4568-B97E-F796CF018EF2}.Release|Any CPU.Build.0 = Release|Any CPU
		{0E0EAEE6-99EE-4572-AD60-6EA73B778FCB}.Debug|Any CPU.ActiveCfg = Debug|Any CPU
		{0E0EAEE6-99EE-4572-AD60-6EA73B778FCB}.Debug|Any CPU.Build.0 = Debug|Any CPU
		{0E0EAEE6-99EE-4572-AD60-6EA73B778FCB}.Release|Any CPU.ActiveCfg = Release|Any CPU
		{0E0EAEE6-99EE-4572-AD60-6EA73B778FCB}.Release|Any CPU.Build.0 = Release|Any CPU
		{9DE4F5B5-D680-49E4-B960-876666A7544F}.Debug|Any CPU.ActiveCfg = Debug|Any CPU
		{9DE4F5B5-D680-49E4-B960-876666A7544F}.Debug|Any CPU.Build.0 = Debug|Any CPU
		{9DE4F5B5-D680-49E4-B960-876666A7544F}.Release|Any CPU.ActiveCfg = Release|Any CPU
		{9DE4F5B5-D680-49E4-B960-876666A7544F}.Release|Any CPU.Build.0 = Release|Any CPU
		{56D6BAE5-4EAB-45EE-882B-A8A0EF7A9545}.Debug|Any CPU.ActiveCfg = Debug|Any CPU
		{56D6BAE5-4EAB-45EE-882B-A8A0EF7A9545}.Debug|Any CPU.Build.0 = Debug|Any CPU
		{56D6BAE5-4EAB-45EE-882B-A8A0EF7A9545}.Release|Any CPU.ActiveCfg = Release|Any CPU
		{56D6BAE5-4EAB-45EE-882B-A8A0EF7A9545}.Release|Any CPU.Build.0 = Release|Any CPU
	EndGlobalSection
	GlobalSection(SolutionProperties) = preSolution
		HideSolutionNode = FALSE
	EndGlobalSection
	GlobalSection(NestedProjects) = preSolution
		{95973F9C-2E3A-495F-8B0E-8FE4C4C8C1E7} = {F38705D3-C1A8-4D91-AAA6-251618BBBB83}
		{B842060E-EB09-475F-B410-C205C9BA63E1} = {DF9F6B9B-F666-456D-A89E-CB2BB8014F44}
		{E16F5D5E-4C27-41FD-ACDB-7CF3900FB980} = {51038CB5-7130-4AF4-B23A-91BF02FEF180}
		{BC451379-6C7C-4449-B717-FC8195727B40} = {F0090F2D-79B1-4853-A078-01EB73CCA642}
		{9945736E-3F00-48F7-8645-7582E35FDF27} = {F0090F2D-79B1-4853-A078-01EB73CCA642}
		{EB8EC417-E7E9-4C00-A675-4D4F6F4EF23C} = {F0090F2D-79B1-4853-A078-01EB73CCA642}
		{364D7D75-1AA6-47DC-9781-9485FF0889CF} = {51038CB5-7130-4AF4-B23A-91BF02FEF180}
		{E5B34812-E498-48DC-9D7E-259C1AAC6FEC} = {7D56D237-4F93-4B69-865F-F006DB319044}
		{5C9AC51C-668E-4EFE-97D0-F20F6AE72AF0} = {7D56D237-4F93-4B69-865F-F006DB319044}
		{FA2490B0-91F8-49D6-8802-432656D78C94} = {51038CB5-7130-4AF4-B23A-91BF02FEF180}
		{C70246F0-9B3D-4C54-A071-0091824CCE0F} = {51038CB5-7130-4AF4-B23A-91BF02FEF180}
		{95649E47-002C-4B95-83C3-72FB57BAF264} = {6B17F056-053B-424F-9786-E493B25CC3D5}
		{55D44D75-11E8-4031-8267-FF031562865C} = {6B17F056-053B-424F-9786-E493B25CC3D5}
		{37A6F3CF-4C8E-4A51-AE47-D1C88BAD41C0} = {6B17F056-053B-424F-9786-E493B25CC3D5}
		{3F07DF5B-2B0C-4B19-AC74-B12A7616BD17} = {7794ED87-05F4-4E59-BB5C-CB8F5D14CC9D}
		{49DF5FD6-BB90-4D2D-A238-707F70F18B7D} = {7794ED87-05F4-4E59-BB5C-CB8F5D14CC9D}
		{9738495B-B26A-470D-BCB3-600151472450} = {7794ED87-05F4-4E59-BB5C-CB8F5D14CC9D}
		{9485991B-BE51-43A7-83E6-06332CA0B8A3} = {7794ED87-05F4-4E59-BB5C-CB8F5D14CC9D}
		{CD1F02F4-DB94-4798-8D3D-939F21FCA98D} = {7794ED87-05F4-4E59-BB5C-CB8F5D14CC9D}
		{38BD76D4-3DD0-41A5-B4CE-AD4317E9CE53} = {07F1821F-934B-4DAC-AE3D-9290F738B10C}
		{C8392238-7D36-496F-93C8-93CFC7F5F762} = {07F1821F-934B-4DAC-AE3D-9290F738B10C}
		{DB33EDC6-A890-47A3-A232-6449C01E3318} = {F38705D3-C1A8-4D91-AAA6-251618BBBB83}
		{ED161055-86F3-496F-A3A4-F7945144C5AC} = {B6DA301C-BBFB-48EF-A293-F0A960988DAF}
		{6625EB64-77B5-4FD7-8C78-4BCBB69FB394} = {ABF7D990-9694-4FD4-8A33-F738E6D81FE0}
		{D4DEF438-6331-4B59-AD24-D19989FD164B} = {ABF7D990-9694-4FD4-8A33-F738E6D81FE0}
		{4686CCD8-D5C5-40CE-8D86-2A276F1DE7A2} = {ABF7D990-9694-4FD4-8A33-F738E6D81FE0}
		{E07F7DB4-9364-43A3-89A0-75FFCE70DC72} = {F0090F2D-79B1-4853-A078-01EB73CCA642}
		{092803D8-41CC-4ECB-95DB-449443A9EDF0} = {DF9F6B9B-F666-456D-A89E-CB2BB8014F44}
		{0A1D5735-5F4A-4615-9652-F0DA679E2BE7} = {C39CCC40-1F60-4DB5-9CD1-24CCE9ED0468}
		{F788C4DE-6FF4-448B-86EB-6ECFA8FA3C2D} = {C39CCC40-1F60-4DB5-9CD1-24CCE9ED0468}
		{CE50B277-2EAB-4E1B-ADED-24A57232ADEF} = {C39CCC40-1F60-4DB5-9CD1-24CCE9ED0468}
		{EDEB9B95-82F1-4568-B97E-F796CF018EF2} = {C39CCC40-1F60-4DB5-9CD1-24CCE9ED0468}
		{0E0EAEE6-99EE-4572-AD60-6EA73B778FCB} = {50531886-A9A8-4DE5-9194-4CE4456491CD}
		{9DE4F5B5-D680-49E4-B960-876666A7544F} = {50531886-A9A8-4DE5-9194-4CE4456491CD}
		{56D6BAE5-4EAB-45EE-882B-A8A0EF7A9545} = {50531886-A9A8-4DE5-9194-4CE4456491CD}
	EndGlobalSection
	GlobalSection(ExtensibilityGlobals) = postSolution
		SolutionGuid = {1B9B1AA4-B7E9-4A7C-B1D5-7F683FA9B1D0}
	EndGlobalSection
EndGlobal
