
Microsoft Visual Studio Solution File, Format Version 12.00
# Visual Studio 15
VisualStudioVersion = 15.0.28010.2036
MinimumVisualStudioVersion = 10.0.40219.1
Project("{9A19103F-16F7-4668-BE54-9A1E7A4F7556}") = "metrics", "metrics\metrics.csproj", "{5B466D45-EEA8-4F2A-A5FA-0693C8466B4F}"
EndProject
Project("{9A19103F-16F7-4668-BE54-9A1E7A4F7556}") = "metrics.Services", "metrics.Services\metrics.Services.csproj", "{6625EB64-77B5-4FD7-8C78-4BCBB69FB394}"
EndProject
Project("{FAE04EC0-301F-11D3-BF4B-00C04F79EFBC}") = "Competition.Hosted", "Competition.Hosted\Competition.Hosted.csproj", "{95973F9C-2E3A-495F-8B0E-8FE4C4C8C1E7}"
EndProject
Project("{FAE04EC0-301F-11D3-BF4B-00C04F79EFBC}") = "Elastic", "Elastic\Elastic.csproj", "{B842060E-EB09-475F-B410-C205C9BA63E1}"
EndProject
Project("{FAE04EC0-301F-11D3-BF4B-00C04F79EFBC}") = "Base.Contracts", "Base.Contracts\Base.Contracts.csproj", "{1BAD446C-794D-4A4E-BF70-465C09CFE5B0}"
EndProject
Project("{FAE04EC0-301F-11D3-BF4B-00C04F79EFBC}") = "Elastic.Tests", "Elastic.Tests\Elastic.Tests.csproj", "{18F0AFB2-ECF8-479C-A1A7-3B415C67D27D}"
EndProject
Project("{FAE04EC0-301F-11D3-BF4B-00C04F79EFBC}") = "Competition.ML", "Competition.ML\Competition.ML.csproj", "{49608AE8-B3A8-431D-922F-8C28369741DD}"
EndProject
Project("{FAE04EC0-301F-11D3-BF4B-00C04F79EFBC}") = "metrics.Services.Abstractions", "metrics.Services.Abstractions\metrics.Services.Abstractions.csproj", "{D4DEF438-6331-4B59-AD24-D19989FD164B}"
EndProject
Project("{FAE04EC0-301F-11D3-BF4B-00C04F79EFBC}") = "metrics.Services.Utils", "metrics.Services.Utils\metrics.Services.Utils.csproj", "{4686CCD8-D5C5-40CE-8D86-2A276F1DE7A2}"
EndProject
Global
	GlobalSection(SolutionConfigurationPlatforms) = preSolution
		Debug|Any CPU = Debug|Any CPU
		Release|Any CPU = Release|Any CPU
	EndGlobalSection
	GlobalSection(ProjectConfigurationPlatforms) = postSolution
		{5B466D45-EEA8-4F2A-A5FA-0693C8466B4F}.Debug|Any CPU.ActiveCfg = Debug|Any CPU
		{5B466D45-EEA8-4F2A-A5FA-0693C8466B4F}.Debug|Any CPU.Build.0 = Debug|Any CPU
		{5B466D45-EEA8-4F2A-A5FA-0693C8466B4F}.Release|Any CPU.ActiveCfg = Release|Any CPU
		{5B466D45-EEA8-4F2A-A5FA-0693C8466B4F}.Release|Any CPU.Build.0 = Release|Any CPU
		{6625EB64-77B5-4FD7-8C78-4BCBB69FB394}.Debug|Any CPU.ActiveCfg = Debug|Any CPU
		{6625EB64-77B5-4FD7-8C78-4BCBB69FB394}.Debug|Any CPU.Build.0 = Debug|Any CPU
		{6625EB64-77B5-4FD7-8C78-4BCBB69FB394}.Release|Any CPU.ActiveCfg = Release|Any CPU
		{6625EB64-77B5-4FD7-8C78-4BCBB69FB394}.Release|Any CPU.Build.0 = Release|Any CPU
		{95973F9C-2E3A-495F-8B0E-8FE4C4C8C1E7}.Debug|Any CPU.ActiveCfg = Debug|Any CPU
		{95973F9C-2E3A-495F-8B0E-8FE4C4C8C1E7}.Debug|Any CPU.Build.0 = Debug|Any CPU
		{95973F9C-2E3A-495F-8B0E-8FE4C4C8C1E7}.Release|Any CPU.ActiveCfg = Release|Any CPU
		{95973F9C-2E3A-495F-8B0E-8FE4C4C8C1E7}.Release|Any CPU.Build.0 = Release|Any CPU
		{B842060E-EB09-475F-B410-C205C9BA63E1}.Debug|Any CPU.ActiveCfg = Debug|Any CPU
		{B842060E-EB09-475F-B410-C205C9BA63E1}.Debug|Any CPU.Build.0 = Debug|Any CPU
		{B842060E-EB09-475F-B410-C205C9BA63E1}.Release|Any CPU.ActiveCfg = Release|Any CPU
		{B842060E-EB09-475F-B410-C205C9BA63E1}.Release|Any CPU.Build.0 = Release|Any CPU
		{1BAD446C-794D-4A4E-BF70-465C09CFE5B0}.Debug|Any CPU.ActiveCfg = Debug|Any CPU
		{1BAD446C-794D-4A4E-BF70-465C09CFE5B0}.Debug|Any CPU.Build.0 = Debug|Any CPU
		{1BAD446C-794D-4A4E-BF70-465C09CFE5B0}.Release|Any CPU.ActiveCfg = Release|Any CPU
		{1BAD446C-794D-4A4E-BF70-465C09CFE5B0}.Release|Any CPU.Build.0 = Release|Any CPU
		{18F0AFB2-ECF8-479C-A1A7-3B415C67D27D}.Debug|Any CPU.ActiveCfg = Debug|Any CPU
		{18F0AFB2-ECF8-479C-A1A7-3B415C67D27D}.Debug|Any CPU.Build.0 = Debug|Any CPU
		{18F0AFB2-ECF8-479C-A1A7-3B415C67D27D}.Release|Any CPU.ActiveCfg = Release|Any CPU
		{18F0AFB2-ECF8-479C-A1A7-3B415C67D27D}.Release|Any CPU.Build.0 = Release|Any CPU
		{49608AE8-B3A8-431D-922F-8C28369741DD}.Debug|Any CPU.ActiveCfg = Debug|Any CPU
		{49608AE8-B3A8-431D-922F-8C28369741DD}.Debug|Any CPU.Build.0 = Debug|Any CPU
		{49608AE8-B3A8-431D-922F-8C28369741DD}.Release|Any CPU.ActiveCfg = Release|Any CPU
		{49608AE8-B3A8-431D-922F-8C28369741DD}.Release|Any CPU.Build.0 = Release|Any CPU
		{D4DEF438-6331-4B59-AD24-D19989FD164B}.Debug|Any CPU.ActiveCfg = Debug|Any CPU
		{D4DEF438-6331-4B59-AD24-D19989FD164B}.Debug|Any CPU.Build.0 = Debug|Any CPU
		{D4DEF438-6331-4B59-AD24-D19989FD164B}.Release|Any CPU.ActiveCfg = Release|Any CPU
		{D4DEF438-6331-4B59-AD24-D19989FD164B}.Release|Any CPU.Build.0 = Release|Any CPU
		{4686CCD8-D5C5-40CE-8D86-2A276F1DE7A2}.Debug|Any CPU.ActiveCfg = Debug|Any CPU
		{4686CCD8-D5C5-40CE-8D86-2A276F1DE7A2}.Debug|Any CPU.Build.0 = Debug|Any CPU
		{4686CCD8-D5C5-40CE-8D86-2A276F1DE7A2}.Release|Any CPU.ActiveCfg = Release|Any CPU
		{4686CCD8-D5C5-40CE-8D86-2A276F1DE7A2}.Release|Any CPU.Build.0 = Release|Any CPU
	EndGlobalSection
	GlobalSection(SolutionProperties) = preSolution
		HideSolutionNode = FALSE
	EndGlobalSection
	GlobalSection(ExtensibilityGlobals) = postSolution
		SolutionGuid = {1B9B1AA4-B7E9-4A7C-B1D5-7F683FA9B1D0}
	EndGlobalSection
EndGlobal
